# This file is automatically @generated by Cargo.
# It is not intended for manual editing.
version = 4

[[package]]
name = "pick-a-test"
version = "0.1.0"
dependencies = [
 "pick-a-test-core",
 "pick-a-test-lang-go",
 "pick-a-test-lang-ts",
]

[[package]]
name = "pick-a-test-core"
version = "0.1.0"

[[package]]
name = "pick-a-test-lang-go"
version = "0.1.0"
dependencies = [
 "pick-a-test-core",
]

[[package]]
name = "pick-a-test-lang-ts"
version = "0.1.0"
dependencies = [
 "pick-a-test-core",
]
